
Microsoft Visual Studio Solution File, Format Version 12.00
# Visual Studio Version 17
VisualStudioVersion = 17.3.32825.248
MinimumVisualStudioVersion = 10.0.40219.1
Project("{FAE04EC0-301F-11D3-BF4B-00C04F79EFBC}") = "WebApiDemo", "WebApiDemo\WebApiDemo.csproj", "{B9858225-3DFA-497D-9D5C-0EAE000FF092}"
EndProject
Global
	GlobalSection(SolutionConfigurationPlatforms) = preSolution
		Debug|Any CPU = Debug|Any CPU
		Release|Any CPU = Release|Any CPU
	EndGlobalSection
	GlobalSection(ProjectConfigurationPlatforms) = postSolution
		{B9858225-3DFA-497D-9D5C-0EAE000FF092}.Debug|Any CPU.ActiveCfg = Debug|Any CPU
		{B9858225-3DFA-497D-9D5C-0EAE000FF092}.Debug|Any CPU.Build.0 = Debug|Any CPU
		{B9858225-3DFA-497D-9D5C-0EAE000FF092}.Release|Any CPU.ActiveCfg = Release|Any CPU
		{B9858225-3DFA-497D-9D5C-0EAE000FF092}.Release|Any CPU.Build.0 = Release|Any CPU
	EndGlobalSection
	GlobalSection(SolutionProperties) = preSolution
		HideSolutionNode = FALSE
	EndGlobalSection
	GlobalSection(ExtensibilityGlobals) = postSolution
		SolutionGuid = {6058D29A-B0D5-49E1-8977-AC5F07BEDEB6}
	EndGlobalSection
EndGlobal
